# This file is generated by running "yarn install" inside your project.
# Manual changes might be lost - proceed with caution!

__metadata:
  version: 8
  cacheKey: 10

"@adraffy/ens-normalize@npm:1.10.0":
  version: 1.10.0
  resolution: "@adraffy/ens-normalize@npm:1.10.0"
  checksum: 10/5cdb5d2a9c9f8c0a71a7bb830967da0069cae1f1235cd41ae11147e4000f368f6958386e622cd4d52bf45c1ed3f8275056b387cba28902b83354e40ff323ecde
  languageName: node
  linkType: hard

"@babel/code-frame@npm:^7.12.13":
  version: 7.23.5
  resolution: "@babel/code-frame@npm:7.23.5"
  dependencies:
    "@babel/highlight": "npm:^7.23.4"
    chalk: "npm:^2.4.2"
  checksum: 10/44e58529c9d93083288dc9e649c553c5ba997475a7b0758cc3ddc4d77b8a7d985dbe78cc39c9bbc61f26d50af6da1ddf0a3427eae8cc222a9370619b671ed8f5
  languageName: node
  linkType: hard

"@babel/helper-validator-identifier@npm:^7.22.20":
  version: 7.22.20
  resolution: "@babel/helper-validator-identifier@npm:7.22.20"
  checksum: 10/df882d2675101df2d507b95b195ca2f86a3ef28cb711c84f37e79ca23178e13b9f0d8b522774211f51e40168bf5142be4c1c9776a150cddb61a0d5bf3e95750b
  languageName: node
  linkType: hard

"@babel/highlight@npm:^7.23.4":
  version: 7.23.4
  resolution: "@babel/highlight@npm:7.23.4"
  dependencies:
    "@babel/helper-validator-identifier": "npm:^7.22.20"
    chalk: "npm:^2.4.2"
    js-tokens: "npm:^4.0.0"
  checksum: 10/62fef9b5bcea7131df4626d009029b1ae85332042f4648a4ce6e740c3fd23112603c740c45575caec62f260c96b11054d3be5987f4981a5479793579c3aac71f
  languageName: node
  linkType: hard

"@jest/expect-utils@npm:^29.7.0":
  version: 29.7.0
  resolution: "@jest/expect-utils@npm:29.7.0"
  dependencies:
    jest-get-type: "npm:^29.6.3"
  checksum: 10/ef8d379778ef574a17bde2801a6f4469f8022a46a5f9e385191dc73bb1fc318996beaed4513fbd7055c2847227a1bed2469977821866534593a6e52a281499ee
  languageName: node
  linkType: hard

"@jest/schemas@npm:^29.6.3":
  version: 29.6.3
  resolution: "@jest/schemas@npm:29.6.3"
  dependencies:
    "@sinclair/typebox": "npm:^0.27.8"
  checksum: 10/910040425f0fc93cd13e68c750b7885590b8839066dfa0cd78e7def07bbb708ad869381f725945d66f2284de5663bbecf63e8fdd856e2ae6e261ba30b1687e93
  languageName: node
  linkType: hard

"@jest/types@npm:^29.6.3":
  version: 29.6.3
  resolution: "@jest/types@npm:29.6.3"
  dependencies:
    "@jest/schemas": "npm:^29.6.3"
    "@types/istanbul-lib-coverage": "npm:^2.0.0"
    "@types/istanbul-reports": "npm:^3.0.0"
    "@types/node": "npm:*"
    "@types/yargs": "npm:^17.0.8"
    chalk: "npm:^4.0.0"
  checksum: 10/f74bf512fd09bbe2433a2ad460b04668b7075235eea9a0c77d6a42222c10a79b9747dc2b2a623f140ed40d6865a2ed8f538f3cbb75169120ea863f29a7ed76cd
  languageName: node
  linkType: hard

"@noble/curves@npm:1.2.0, @noble/curves@npm:~1.2.0":
  version: 1.2.0
  resolution: "@noble/curves@npm:1.2.0"
  dependencies:
    "@noble/hashes": "npm:1.3.2"
  checksum: 10/94e02e9571a9fd42a3263362451849d2f54405cb3ce9fa7c45bc6b9b36dcd7d1d20e2e1e14cfded24937a13d82f1e60eefc4d7a14982ce0bc219a9fc0f51d1f9
  languageName: node
  linkType: hard

"@noble/hashes@npm:1.3.2":
  version: 1.3.2
  resolution: "@noble/hashes@npm:1.3.2"
  checksum: 10/685f59d2d44d88e738114b71011d343a9f7dce9dfb0a121f1489132f9247baa60bc985e5ec6f3213d114fbd1e1168e7294644e46cbd0ce2eba37994f28eeb51b
  languageName: node
  linkType: hard

"@noble/hashes@npm:~1.3.0, @noble/hashes@npm:~1.3.2":
  version: 1.3.3
  resolution: "@noble/hashes@npm:1.3.3"
  checksum: 10/1025ddde4d24630e95c0818e63d2d54ee131b980fe113312d17ed7468bc18f54486ac86c907685759f8a7e13c2f9b9e83ec7b67d1cc20836f36b5e4a65bb102d
  languageName: node
  linkType: hard

"@scure/base@npm:~1.1.0, @scure/base@npm:~1.1.2":
  version: 1.1.5
  resolution: "@scure/base@npm:1.1.5"
  checksum: 10/543fa9991c6378b6a0d5ab7f1e27b30bb9c1e860d3ac81119b4213cfdf0ad7b61be004e06506e89de7ce0cec9391c17f5c082bb34c3b617a2ee6a04129f52481
  languageName: node
  linkType: hard

"@scure/bip32@npm:1.3.2":
  version: 1.3.2
  resolution: "@scure/bip32@npm:1.3.2"
  dependencies:
    "@noble/curves": "npm:~1.2.0"
    "@noble/hashes": "npm:~1.3.2"
    "@scure/base": "npm:~1.1.2"
  checksum: 10/b90da28dfe75519496a85c97e77c9443734873910f32b8557762910a5c4e642290a462b0ed14fa42e0efed6acb9a7f6155ad5cb5d38d4ff87eb2de4760eb32a4
  languageName: node
  linkType: hard

"@scure/bip39@npm:1.2.1":
  version: 1.2.1
  resolution: "@scure/bip39@npm:1.2.1"
  dependencies:
    "@noble/hashes": "npm:~1.3.0"
    "@scure/base": "npm:~1.1.0"
  checksum: 10/2ea368bbed34d6b1701c20683bf465e147f231a9e37e639b8c82f585d6f978bb0f3855fca7ceff04954ae248b3e313f5d322d0210614fb7acb402739415aaf31
  languageName: node
  linkType: hard

"@sinclair/typebox@npm:^0.27.8":
  version: 0.27.8
  resolution: "@sinclair/typebox@npm:0.27.8"
  checksum: 10/297f95ff77c82c54de8c9907f186076e715ff2621c5222ba50b8d40a170661c0c5242c763cba2a4791f0f91cb1d8ffa53ea1d7294570cf8cd4694c0e383e484d
  languageName: node
  linkType: hard

"@stablelib/binary@npm:^1.0.1":
  version: 1.0.1
  resolution: "@stablelib/binary@npm:1.0.1"
  dependencies:
    "@stablelib/int": "npm:^1.0.1"
  checksum: 10/c5ed769e2b5d607a5cdb72d325fcf98db437627862fade839daad934bd9ccf02a6f6e34f9de8cb3b18d72fce2ba6cc019a5d22398187d7d69d2607165f27f8bf
  languageName: node
  linkType: hard

"@stablelib/int@npm:^1.0.1":
  version: 1.0.1
  resolution: "@stablelib/int@npm:1.0.1"
  checksum: 10/65bfbf50a382eea70c68e05366bf379cfceff8fbc076f1c267ef2f2411d7aed64fd140c415cb6c29f19a3910d3b8b7805d4b32ad5721a5007a8e744a808c7ae3
  languageName: node
  linkType: hard

"@stablelib/random@npm:^1.0.1":
  version: 1.0.2
  resolution: "@stablelib/random@npm:1.0.2"
  dependencies:
    "@stablelib/binary": "npm:^1.0.1"
    "@stablelib/wipe": "npm:^1.0.1"
  checksum: 10/f5ace0a588dc4c21f01cb85837892d4c872e994ae77a58a8eb7dd61aa0b26fb1e9b46b0445e71af57d963ef7d9f5965c64258fc0d04df7b2947bc48f2d3560c5
  languageName: node
  linkType: hard

"@stablelib/wipe@npm:^1.0.1":
  version: 1.0.1
  resolution: "@stablelib/wipe@npm:1.0.1"
  checksum: 10/287802eb146810a46ba72af70b82022caf83a8aeebde23605f5ee0decf64fe2b97a60c856e43b6617b5801287c30cfa863cfb0469e7fcde6f02d143cf0c6cbf4
  languageName: node
  linkType: hard

"@types/istanbul-lib-coverage@npm:*, @types/istanbul-lib-coverage@npm:^2.0.0":
  version: 2.0.6
  resolution: "@types/istanbul-lib-coverage@npm:2.0.6"
  checksum: 10/3feac423fd3e5449485afac999dcfcb3d44a37c830af898b689fadc65d26526460bedb889db278e0d4d815a670331796494d073a10ee6e3a6526301fe7415778
  languageName: node
  linkType: hard

"@types/istanbul-lib-report@npm:*":
  version: 3.0.3
  resolution: "@types/istanbul-lib-report@npm:3.0.3"
  dependencies:
    "@types/istanbul-lib-coverage": "npm:*"
  checksum: 10/b91e9b60f865ff08cb35667a427b70f6c2c63e88105eadd29a112582942af47ed99c60610180aa8dcc22382fa405033f141c119c69b95db78c4c709fbadfeeb4
  languageName: node
  linkType: hard

"@types/istanbul-reports@npm:^3.0.0":
  version: 3.0.4
  resolution: "@types/istanbul-reports@npm:3.0.4"
  dependencies:
    "@types/istanbul-lib-report": "npm:*"
  checksum: 10/93eb18835770b3431f68ae9ac1ca91741ab85f7606f310a34b3586b5a34450ec038c3eed7ab19266635499594de52ff73723a54a72a75b9f7d6a956f01edee95
  languageName: node
  linkType: hard

"@types/jest@npm:^29.4.0":
  version: 29.5.12
  resolution: "@types/jest@npm:29.5.12"
  dependencies:
    expect: "npm:^29.0.0"
    pretty-format: "npm:^29.0.0"
  checksum: 10/312e8dcf92cdd5a5847d6426f0940829bca6fe6b5a917248f3d7f7ef5d85c9ce78ef05e47d2bbabc40d41a930e0e36db2d443d2610a9e3db9062da2d5c904211
  languageName: node
  linkType: hard

"@types/node@npm:*":
  version: 20.11.19
  resolution: "@types/node@npm:20.11.19"
  dependencies:
    undici-types: "npm:~5.26.4"
  checksum: 10/c7f4705d6c84aa21679ad180c33c13ca9567f650e66e14bcee77c7c43d14619c7cd3b4d7b2458947143030b7b1930180efa6d12d999b45366abff9fed7a17472
  languageName: node
  linkType: hard

"@types/stack-utils@npm:^2.0.0":
  version: 2.0.3
  resolution: "@types/stack-utils@npm:2.0.3"
  checksum: 10/72576cc1522090fe497337c2b99d9838e320659ac57fa5560fcbdcbafcf5d0216c6b3a0a8a4ee4fdb3b1f5e3420aa4f6223ab57b82fef3578bec3206425c6cf5
  languageName: node
  linkType: hard

"@types/valid-url@npm:^1.0.7":
  version: 1.0.7
  resolution: "@types/valid-url@npm:1.0.7"
  checksum: 10/c596c4101cd6c4b280277027f1bfa2cf4eb643f1d893a714c8d4a6bc47e9f24dc012f9ba5a0984bd1df983c1914c3f0fa69af2df6a6e48e81999062c6e75fbfc
  languageName: node
  linkType: hard

"@types/yargs-parser@npm:*":
  version: 21.0.3
  resolution: "@types/yargs-parser@npm:21.0.3"
  checksum: 10/a794eb750e8ebc6273a51b12a0002de41343ffe46befef460bdbb57262d187fdf608bc6615b7b11c462c63c3ceb70abe2564c8dd8ee0f7628f38a314f74a9b9b
  languageName: node
  linkType: hard

"@types/yargs@npm:^17.0.8":
  version: 17.0.32
  resolution: "@types/yargs@npm:17.0.32"
  dependencies:
    "@types/yargs-parser": "npm:*"
  checksum: 10/1e2b2673847011ce43607df690d392f137d95a2d6ea85aa319403eadda2ef4277365efd4982354d8843f2611ef3846c88599660aaeb537fa9ccddae83c2a89de
  languageName: node
  linkType: hard

"abitype@npm:1.0.0":
  version: 1.0.0
  resolution: "abitype@npm:1.0.0"
  peerDependencies:
    typescript: ">=5.0.4"
    zod: ^3 >=3.22.0
  peerDependenciesMeta:
    typescript:
      optional: true
    zod:
      optional: true
  checksum: 10/38c8d965c75c031854385f1c14da0410e271f1a8255332869a77a1ee836c4607420522c1f0077716c7ad7c4091f53c1b2681ed1d30b5161d1424fdb5a480f104
  languageName: node
  linkType: hard

"ansi-styles@npm:^3.2.1":
  version: 3.2.1
  resolution: "ansi-styles@npm:3.2.1"
  dependencies:
    color-convert: "npm:^1.9.0"
  checksum: 10/d85ade01c10e5dd77b6c89f34ed7531da5830d2cb5882c645f330079975b716438cd7ebb81d0d6e6b4f9c577f19ae41ab55f07f19786b02f9dfd9e0377395665
  languageName: node
  linkType: hard

"ansi-styles@npm:^4.1.0":
  version: 4.3.0
  resolution: "ansi-styles@npm:4.3.0"
  dependencies:
    color-convert: "npm:^2.0.1"
  checksum: 10/b4494dfbfc7e4591b4711a396bd27e540f8153914123dccb4cdbbcb514015ada63a3809f362b9d8d4f6b17a706f1d7bea3c6f974b15fa5ae76b5b502070889ff
  languageName: node
  linkType: hard

"ansi-styles@npm:^5.0.0":
  version: 5.2.0
  resolution: "ansi-styles@npm:5.2.0"
  checksum: 10/d7f4e97ce0623aea6bc0d90dcd28881ee04cba06c570b97fd3391bd7a268eedfd9d5e2dd4fdcbdd82b8105df5faf6f24aaedc08eaf3da898e702db5948f63469
  languageName: node
  linkType: hard

"apg-js@npm:^4.3.0":
  version: 4.3.0
  resolution: "apg-js@npm:4.3.0"
  checksum: 10/c82798abdfdc1a67222cec46b5968b352e8a187e9a3c979fca1be9c74fe7c0fb5d6301c355c832a21a3d7973a7228ec7501b5290a2442644601a14f5abe3543e
  languageName: node
  linkType: hard

"braces@npm:^3.0.2":
  version: 3.0.2
  resolution: "braces@npm:3.0.2"
  dependencies:
    fill-range: "npm:^7.0.1"
  checksum: 10/966b1fb48d193b9d155f810e5efd1790962f2c4e0829f8440b8ad236ba009222c501f70185ef732fef17a4c490bb33a03b90dab0631feafbdf447da91e8165b1
  languageName: node
  linkType: hard

"chalk@npm:^2.4.2":
  version: 2.4.2
  resolution: "chalk@npm:2.4.2"
  dependencies:
    ansi-styles: "npm:^3.2.1"
    escape-string-regexp: "npm:^1.0.5"
    supports-color: "npm:^5.3.0"
  checksum: 10/3d1d103433166f6bfe82ac75724951b33769675252d8417317363ef9d54699b7c3b2d46671b772b893a8e50c3ece70c4b933c73c01e81bc60ea4df9b55afa303
  languageName: node
  linkType: hard

"chalk@npm:^4.0.0":
  version: 4.1.2
  resolution: "chalk@npm:4.1.2"
  dependencies:
    ansi-styles: "npm:^4.1.0"
    supports-color: "npm:^7.1.0"
  checksum: 10/cb3f3e594913d63b1814d7ca7c9bafbf895f75fbf93b92991980610dfd7b48500af4e3a5d4e3a8f337990a96b168d7eb84ee55efdce965e2ee8efc20f8c8f139
  languageName: node
  linkType: hard

"ci-info@npm:^3.2.0":
  version: 3.9.0
  resolution: "ci-info@npm:3.9.0"
  checksum: 10/75bc67902b4d1c7b435497adeb91598f6d52a3389398e44294f6601b20cfef32cf2176f7be0eb961d9e085bb333a8a5cae121cb22f81cf238ae7f58eb80e9397
  languageName: node
  linkType: hard

"color-convert@npm:^1.9.0":
  version: 1.9.3
  resolution: "color-convert@npm:1.9.3"
  dependencies:
    color-name: "npm:1.1.3"
  checksum: 10/ffa319025045f2973919d155f25e7c00d08836b6b33ea2d205418c59bd63a665d713c52d9737a9e0fe467fb194b40fbef1d849bae80d674568ee220a31ef3d10
  languageName: node
  linkType: hard

"color-convert@npm:^2.0.1":
  version: 2.0.1
  resolution: "color-convert@npm:2.0.1"
  dependencies:
    color-name: "npm:~1.1.4"
  checksum: 10/fa00c91b4332b294de06b443923246bccebe9fab1b253f7fe1772d37b06a2269b4039a85e309abe1fe11b267b11c08d1d0473fda3badd6167f57313af2887a64
  languageName: node
  linkType: hard

"color-name@npm:1.1.3":
  version: 1.1.3
  resolution: "color-name@npm:1.1.3"
  checksum: 10/09c5d3e33d2105850153b14466501f2bfb30324a2f76568a408763a3b7433b0e50e5b4ab1947868e65cb101bb7cb75029553f2c333b6d4b8138a73fcc133d69d
  languageName: node
  linkType: hard

"color-name@npm:~1.1.4":
  version: 1.1.4
  resolution: "color-name@npm:1.1.4"
  checksum: 10/b0445859521eb4021cd0fb0cc1a75cecf67fceecae89b63f62b201cca8d345baf8b952c966862a9d9a2632987d4f6581f0ec8d957dfacece86f0a7919316f610
  languageName: node
  linkType: hard

"diff-sequences@npm:^29.6.3":
  version: 29.6.3
  resolution: "diff-sequences@npm:29.6.3"
  checksum: 10/179daf9d2f9af5c57ad66d97cb902a538bcf8ed64963fa7aa0c329b3de3665ce2eb6ffdc2f69f29d445fa4af2517e5e55e5b6e00c00a9ae4f43645f97f7078cb
  languageName: node
  linkType: hard

"escape-string-regexp@npm:^1.0.5":
  version: 1.0.5
  resolution: "escape-string-regexp@npm:1.0.5"
  checksum: 10/6092fda75c63b110c706b6a9bfde8a612ad595b628f0bd2147eea1d3406723020810e591effc7db1da91d80a71a737a313567c5abb3813e8d9c71f4aa595b410
  languageName: node
  linkType: hard

"escape-string-regexp@npm:^2.0.0":
  version: 2.0.0
  resolution: "escape-string-regexp@npm:2.0.0"
  checksum: 10/9f8a2d5743677c16e85c810e3024d54f0c8dea6424fad3c79ef6666e81dd0846f7437f5e729dfcdac8981bc9e5294c39b4580814d114076b8d36318f46ae4395
  languageName: node
  linkType: hard

"expect@npm:^29.0.0":
  version: 29.7.0
  resolution: "expect@npm:29.7.0"
  dependencies:
    "@jest/expect-utils": "npm:^29.7.0"
    jest-get-type: "npm:^29.6.3"
    jest-matcher-utils: "npm:^29.7.0"
    jest-message-util: "npm:^29.7.0"
    jest-util: "npm:^29.7.0"
  checksum: 10/63f97bc51f56a491950fb525f9ad94f1916e8a014947f8d8445d3847a665b5471b768522d659f5e865db20b6c2033d2ac10f35fcbd881a4d26407a4f6f18451a
  languageName: node
  linkType: hard

"fill-range@npm:^7.0.1":
  version: 7.0.1
  resolution: "fill-range@npm:7.0.1"
  dependencies:
    to-regex-range: "npm:^5.0.1"
  checksum: 10/e260f7592fd196b4421504d3597cc76f4a1ca7a9488260d533b611fc3cefd61e9a9be1417cb82d3b01ad9f9c0ff2dbf258e1026d2445e26b0cf5148ff4250429
  languageName: node
  linkType: hard

"graceful-fs@npm:^4.2.9":
  version: 4.2.11
  resolution: "graceful-fs@npm:4.2.11"
  checksum: 10/bf152d0ed1dc159239db1ba1f74fdbc40cb02f626770dcd5815c427ce0688c2635a06ed69af364396da4636d0408fcf7d4afdf7881724c3307e46aff30ca49e2
  languageName: node
  linkType: hard

"has-flag@npm:^3.0.0":
  version: 3.0.0
  resolution: "has-flag@npm:3.0.0"
  checksum: 10/4a15638b454bf086c8148979aae044dd6e39d63904cd452d970374fa6a87623423da485dfb814e7be882e05c096a7ccf1ebd48e7e7501d0208d8384ff4dea73b
  languageName: node
  linkType: hard

"has-flag@npm:^4.0.0":
  version: 4.0.0
  resolution: "has-flag@npm:4.0.0"
  checksum: 10/261a1357037ead75e338156b1f9452c016a37dcd3283a972a30d9e4a87441ba372c8b81f818cd0fbcd9c0354b4ae7e18b9e1afa1971164aef6d18c2b6095a8ad
  languageName: node
  linkType: hard

"is-number@npm:^7.0.0":
  version: 7.0.0
  resolution: "is-number@npm:7.0.0"
  checksum: 10/6a6c3383f68afa1e05b286af866017c78f1226d43ac8cb064e115ff9ed85eb33f5c4f7216c96a71e4dfea289ef52c5da3aef5bbfade8ffe47a0465d70c0c8e86
  languageName: node
  linkType: hard

"isows@npm:1.0.3":
  version: 1.0.3
  resolution: "isows@npm:1.0.3"
  peerDependencies:
    ws: "*"
  checksum: 10/9cacd5cf59f67deb51e825580cd445ab1725ecb05a67c704050383fb772856f3cd5e7da8ad08f5a3bd2823680d77d099459d0c6a7037972a74d6429af61af440
  languageName: node
  linkType: hard

"jest-diff@npm:^29.7.0":
  version: 29.7.0
  resolution: "jest-diff@npm:29.7.0"
  dependencies:
    chalk: "npm:^4.0.0"
    diff-sequences: "npm:^29.6.3"
    jest-get-type: "npm:^29.6.3"
    pretty-format: "npm:^29.7.0"
  checksum: 10/6f3a7eb9cd9de5ea9e5aa94aed535631fa6f80221832952839b3cb59dd419b91c20b73887deb0b62230d06d02d6b6cf34ebb810b88d904bb4fe1e2e4f0905c98
  languageName: node
  linkType: hard

"jest-get-type@npm:^29.6.3":
  version: 29.6.3
  resolution: "jest-get-type@npm:29.6.3"
  checksum: 10/88ac9102d4679d768accae29f1e75f592b760b44277df288ad76ce5bf038c3f5ce3719dea8aa0f035dac30e9eb034b848ce716b9183ad7cc222d029f03e92205
  languageName: node
  linkType: hard

"jest-matcher-utils@npm:^29.7.0":
  version: 29.7.0
  resolution: "jest-matcher-utils@npm:29.7.0"
  dependencies:
    chalk: "npm:^4.0.0"
    jest-diff: "npm:^29.7.0"
    jest-get-type: "npm:^29.6.3"
    pretty-format: "npm:^29.7.0"
  checksum: 10/981904a494299cf1e3baed352f8a3bd8b50a8c13a662c509b6a53c31461f94ea3bfeffa9d5efcfeb248e384e318c87de7e3baa6af0f79674e987482aa189af40
  languageName: node
  linkType: hard

"jest-message-util@npm:^29.7.0":
  version: 29.7.0
  resolution: "jest-message-util@npm:29.7.0"
  dependencies:
    "@babel/code-frame": "npm:^7.12.13"
    "@jest/types": "npm:^29.6.3"
    "@types/stack-utils": "npm:^2.0.0"
    chalk: "npm:^4.0.0"
    graceful-fs: "npm:^4.2.9"
    micromatch: "npm:^4.0.4"
    pretty-format: "npm:^29.7.0"
    slash: "npm:^3.0.0"
    stack-utils: "npm:^2.0.3"
  checksum: 10/31d53c6ed22095d86bab9d14c0fa70c4a92c749ea6ceece82cf30c22c9c0e26407acdfbdb0231435dc85a98d6d65ca0d9cbcd25cd1abb377fe945e843fb770b9
  languageName: node
  linkType: hard

"jest-util@npm:^29.7.0":
  version: 29.7.0
  resolution: "jest-util@npm:29.7.0"
  dependencies:
    "@jest/types": "npm:^29.6.3"
    "@types/node": "npm:*"
    chalk: "npm:^4.0.0"
    ci-info: "npm:^3.2.0"
    graceful-fs: "npm:^4.2.9"
    picomatch: "npm:^2.2.3"
  checksum: 10/30d58af6967e7d42bd903ccc098f3b4d3859ed46238fbc88d4add6a3f10bea00c226b93660285f058bc7a65f6f9529cf4eb80f8d4707f79f9e3a23686b4ab8f3
  languageName: node
  linkType: hard

"js-tokens@npm:^4.0.0":
  version: 4.0.0
  resolution: "js-tokens@npm:4.0.0"
  checksum: 10/af37d0d913fb56aec6dc0074c163cc71cd23c0b8aad5c2350747b6721d37ba118af35abdd8b33c47ec2800de07dedb16a527ca9c530ee004093e04958bd0cbf2
  languageName: node
  linkType: hard

"micromatch@npm:^4.0.4":
  version: 4.0.5
  resolution: "micromatch@npm:4.0.5"
  dependencies:
    braces: "npm:^3.0.2"
    picomatch: "npm:^2.3.1"
  checksum: 10/a749888789fc15cac0e03273844dbd749f9f8e8d64e70c564bcf06a033129554c789bb9e30d7566d7ff6596611a08e58ac12cf2a05f6e3c9c47c50c4c7e12fa2
  languageName: node
  linkType: hard

"picomatch@npm:^2.2.3, picomatch@npm:^2.3.1":
  version: 2.3.1
  resolution: "picomatch@npm:2.3.1"
  checksum: 10/60c2595003b05e4535394d1da94850f5372c9427ca4413b71210f437f7b2ca091dbd611c45e8b37d10036fa8eade25c1b8951654f9d3973bfa66a2ff4d3b08bc
  languageName: node
  linkType: hard

"prettier@npm:^3.2.5":
  version: 3.2.5
  resolution: "prettier@npm:3.2.5"
  bin:
    prettier: bin/prettier.cjs
  checksum: 10/d509f9da0b70e8cacc561a1911c0d99ec75117faed27b95cc8534cb2349667dee6351b0ca83fa9d5703f14127faa52b798de40f5705f02d843da133fc3aa416a
  languageName: node
  linkType: hard

"pretty-format@npm:^29.0.0, pretty-format@npm:^29.7.0":
  version: 29.7.0
  resolution: "pretty-format@npm:29.7.0"
  dependencies:
    "@jest/schemas": "npm:^29.6.3"
    ansi-styles: "npm:^5.0.0"
    react-is: "npm:^18.0.0"
  checksum: 10/dea96bc83c83cd91b2bfc55757b6b2747edcaac45b568e46de29deee80742f17bc76fe8898135a70d904f4928eafd8bb693cd1da4896e8bdd3c5e82cadf1d2bb
  languageName: node
  linkType: hard

"punycode@npm:^2.1.0":
  version: 2.3.1
  resolution: "punycode@npm:2.3.1"
  checksum: 10/febdc4362bead22f9e2608ff0171713230b57aff9dddc1c273aa2a651fbd366f94b7d6a71d78342a7c0819906750351ca7f2edd26ea41b626d87d6a13d1bd059
  languageName: node
  linkType: hard

"react-is@npm:^18.0.0":
  version: 18.2.0
  resolution: "react-is@npm:18.2.0"
  checksum: 10/200cd65bf2e0be7ba6055f647091b725a45dd2a6abef03bf2380ce701fd5edccee40b49b9d15edab7ac08a762bf83cb4081e31ec2673a5bfb549a36ba21570df
  languageName: node
  linkType: hard

"siwe-viem@workspace:.":
  version: 0.0.0-use.local
  resolution: "siwe-viem@workspace:."
  dependencies:
    "@stablelib/random": "npm:^1.0.1"
    "@types/jest": "npm:^29.4.0"
    "@types/valid-url": "npm:^1.0.7"
    apg-js: "npm:^4.3.0"
    prettier: "npm:^3.2.5"
    typescript: "npm:^5.3.3"
    uri-js: "npm:^4.4.1"
    valid-url: "npm:^1.0.9"
    viem: "npm:^2.7.10"
  languageName: unknown
  linkType: soft

"slash@npm:^3.0.0":
  version: 3.0.0
  resolution: "slash@npm:3.0.0"
  checksum: 10/94a93fff615f25a999ad4b83c9d5e257a7280c90a32a7cb8b4a87996e4babf322e469c42b7f649fd5796edd8687652f3fb452a86dc97a816f01113183393f11c
  languageName: node
  linkType: hard

"stack-utils@npm:^2.0.3":
  version: 2.0.6
  resolution: "stack-utils@npm:2.0.6"
  dependencies:
    escape-string-regexp: "npm:^2.0.0"
  checksum: 10/cdc988acbc99075b4b036ac6014e5f1e9afa7e564482b687da6384eee6a1909d7eaffde85b0a17ffbe186c5247faf6c2b7544e802109f63b72c7be69b13151bb
  languageName: node
  linkType: hard

"supports-color@npm:^5.3.0":
  version: 5.5.0
  resolution: "supports-color@npm:5.5.0"
  dependencies:
    has-flag: "npm:^3.0.0"
  checksum: 10/5f505c6fa3c6e05873b43af096ddeb22159831597649881aeb8572d6fe3b81e798cc10840d0c9735e0026b250368851b7f77b65e84f4e4daa820a4f69947f55b
  languageName: node
  linkType: hard

"supports-color@npm:^7.1.0":
  version: 7.2.0
  resolution: "supports-color@npm:7.2.0"
  dependencies:
    has-flag: "npm:^4.0.0"
  checksum: 10/c8bb7afd564e3b26b50ca6ee47572c217526a1389fe018d00345856d4a9b08ffbd61fadaf283a87368d94c3dcdb8f5ffe2650a5a65863e21ad2730ca0f05210a
  languageName: node
  linkType: hard

"to-regex-range@npm:^5.0.1":
  version: 5.0.1
  resolution: "to-regex-range@npm:5.0.1"
  dependencies:
    is-number: "npm:^7.0.0"
  checksum: 10/10dda13571e1f5ad37546827e9b6d4252d2e0bc176c24a101252153ef435d83696e2557fe128c4678e4e78f5f01e83711c703eef9814eb12dab028580d45980a
  languageName: node
  linkType: hard

"typescript@npm:^5.3.3":
  version: 5.3.3
  resolution: "typescript@npm:5.3.3"
  bin:
    tsc: bin/tsc
    tsserver: bin/tsserver
  checksum: 10/6e4e6a14a50c222b3d14d4ea2f729e79f972fa536ac1522b91202a9a65af3605c2928c4a790a4a50aa13694d461c479ba92cedaeb1e7b190aadaa4e4b96b8e18
  languageName: node
  linkType: hard

"typescript@patch:typescript@npm%3A^5.3.3#optional!builtin<compat/typescript>":
  version: 5.3.3
  resolution: "typescript@patch:typescript@npm%3A5.3.3#optional!builtin<compat/typescript>::version=5.3.3&hash=e012d7"
  bin:
    tsc: bin/tsc
    tsserver: bin/tsserver
  checksum: 10/c93786fcc9a70718ba1e3819bab56064ead5817004d1b8186f8ca66165f3a2d0100fee91fa64c840dcd45f994ca5d615d8e1f566d39a7470fc1e014dbb4cf15d
  languageName: node
  linkType: hard

"undici-types@npm:~5.26.4":
  version: 5.26.5
  resolution: "undici-types@npm:5.26.5"
  checksum: 10/0097779d94bc0fd26f0418b3a05472410408877279141ded2bd449167be1aed7ea5b76f756562cb3586a07f251b90799bab22d9019ceba49c037c76445f7cddd
  languageName: node
  linkType: hard

"uri-js@npm:^4.4.1":
  version: 4.4.1
  resolution: "uri-js@npm:4.4.1"
  dependencies:
    punycode: "npm:^2.1.0"
  checksum: 10/b271ca7e3d46b7160222e3afa3e531505161c9a4e097febae9664e4b59912f4cbe94861361a4175edac3a03fee99d91e44b6a58c17a634bc5a664b19fc76fbcb
  languageName: node
  linkType: hard

"valid-url@npm:^1.0.9":
  version: 1.0.9
  resolution: "valid-url@npm:1.0.9"
  checksum: 10/343dfaf85eb3691dc8eb93f7bc007be1ee6091e6c6d1a68bf633cb85e4bf2930e34ca9214fb2c3330de5b652510b257a8ee1ff0a0a37df0925e9dabf93ee512d
  languageName: node
  linkType: hard

"viem@npm:^2.7.10":
  version: 2.7.10
  resolution: "viem@npm:2.7.10"
  dependencies:
    "@adraffy/ens-normalize": "npm:1.10.0"
    "@noble/curves": "npm:1.2.0"
    "@noble/hashes": "npm:1.3.2"
    "@scure/bip32": "npm:1.3.2"
    "@scure/bip39": "npm:1.2.1"
    abitype: "npm:1.0.0"
    isows: "npm:1.0.3"
    ws: "npm:8.13.0"
  peerDependencies:
    typescript: ">=5.0.4"
  peerDependenciesMeta:
    typescript:
      optional: true
  checksum: 10/678245e33452e5087f7d49cb0a0b78669af0cba87369ed796dac220c4b1b8419f502144e88212c58d830b15dbd1ee82bea0f4bfe46e4c1657de351b81b51bd30
  languageName: node
  linkType: hard

"ws@npm:8.13.0":
  version: 8.13.0
  resolution: "ws@npm:8.13.0"
  peerDependencies:
    bufferutil: ^4.0.1
    utf-8-validate: ">=5.0.2"
  peerDependenciesMeta:
    bufferutil:
      optional: true
    utf-8-validate:
      optional: true
  checksum: 10/1769532b6fdab9ff659f0b17810e7501831d34ecca23fd179ee64091dd93a51f42c59f6c7bb4c7a384b6c229aca8076fb312aa35626257c18081511ef62a161d
  languageName: node
  linkType: hard
